
Microsoft Visual Studio Solution File, Format Version 12.00
# Visual Studio Version 16
VisualStudioVersion = 16.0.31613.86
MinimumVisualStudioVersion = 10.0.40219.1
Project("{FAE04EC0-301F-11D3-BF4B-00C04F79EFBC}") = "api", "api.csproj", "{EF22077A-1965-4CBE-B8AF-5FC3A1BD029E}"
EndProject
Global
	GlobalSection(SolutionConfigurationPlatforms) = preSolution
		Debug|Any CPU = Debug|Any CPU
		Release|Any CPU = Release|Any CPU
	EndGlobalSection
	GlobalSection(ProjectConfigurationPlatforms) = postSolution
		{EF22077A-1965-4CBE-B8AF-5FC3A1BD029E}.Debug|Any CPU.ActiveCfg = Debug|Any CPU
		{EF22077A-1965-4CBE-B8AF-5FC3A1BD029E}.Debug|Any CPU.Build.0 = Debug|Any CPU
		{EF22077A-1965-4CBE-B8AF-5FC3A1BD029E}.Release|Any CPU.ActiveCfg = Release|Any CPU
		{EF22077A-1965-4CBE-B8AF-5FC3A1BD029E}.Release|Any CPU.Build.0 = Release|Any CPU
	EndGlobalSection
	GlobalSection(SolutionProperties) = preSolution
		HideSolutionNode = FALSE
	EndGlobalSection
	GlobalSection(ExtensibilityGlobals) = postSolution
		SolutionGuid = {7BD70286-ED97-412E-8225-9AA49DA38633}
	EndGlobalSection
EndGlobal
